// !$*UTF8*$!
{
	archiveVersion = 1;
	classes = {
	};
	objectVersion = 56;
	objects = {

/* Begin PBXBuildFile section */
		FC4DBFAD2A45065B001C0F2E /* GPT_PracticeApp.swift in Sources */ = {isa = PBXBuildFile; fileRef = FC4DBFAC2A45065B001C0F2E /* GPT_PracticeApp.swift */; };
		FC4DBFAF2A45065B001C0F2E /* ContentView.swift in Sources */ = {isa = PBXBuildFile; fileRef = FC4DBFAE2A45065B001C0F2E /* ContentView.swift */; };
		FC4DBFB12A45065C001C0F2E /* Assets.xcassets in Resources */ = {isa = PBXBuildFile; fileRef = FC4DBFB02A45065C001C0F2E /* Assets.xcassets */; };
		FC4DBFB42A45065C001C0F2E /* Preview Assets.xcassets in Resources */ = {isa = PBXBuildFile; fileRef = FC4DBFB32A45065C001C0F2E /* Preview Assets.xcassets */; };
		FC4DBFBE2A45065C001C0F2E /* GPT_PracticeTests.swift in Sources */ = {isa = PBXBuildFile; fileRef = FC4DBFBD2A45065C001C0F2E /* GPT_PracticeTests.swift */; };
		FC4DBFC82A45065C001C0F2E /* GPT_PracticeUITests.swift in Sources */ = {isa = PBXBuildFile; fileRef = FC4DBFC72A45065C001C0F2E /* GPT_PracticeUITests.swift */; };
		FC4DBFCA2A45065C001C0F2E /* GPT_PracticeUITestsLaunchTests.swift in Sources */ = {isa = PBXBuildFile; fileRef = FC4DBFC92A45065C001C0F2E /* GPT_PracticeUITestsLaunchTests.swift */; };
		FC4DBFD82A450685001C0F2E /* OpenAISwift in Frameworks */ = {isa = PBXBuildFile; productRef = FC4DBFD72A450685001C0F2E /* OpenAISwift */; };
		FC4DBFDB2A4513A8001C0F2E /* OpenAIKit in Frameworks */ = {isa = PBXBuildFile; productRef = FC4DBFDA2A4513A8001C0F2E /* OpenAIKit */; };
/* End PBXBuildFile section */

/* Begin PBXContainerItemProxy section */
		FC4DBFBA2A45065C001C0F2E /* PBXContainerItemProxy */ = {
			isa = PBXContainerItemProxy;
			containerPortal = FC4DBFA12A45065B001C0F2E /* Project object */;
			proxyType = 1;
			remoteGlobalIDString = FC4DBFA82A45065B001C0F2E;
			remoteInfo = "GPT-Practice";
		};
		FC4DBFC42A45065C001C0F2E /* PBXContainerItemProxy */ = {
			isa = PBXContainerItemProxy;
			containerPortal = FC4DBFA12A45065B001C0F2E /* Project object */;
			proxyType = 1;
			remoteGlobalIDString = FC4DBFA82A45065B001C0F2E;
			remoteInfo = "GPT-Practice";
		};
/* End PBXContainerItemProxy section */

/* Begin PBXFileReference section */
		FC4DBFA92A45065B001C0F2E /* GPT-Practice.app */ = {isa = PBXFileReference; explicitFileType = wrapper.application; includeInIndex = 0; path = "GPT-Practice.app"; sourceTree = BUILT_PRODUCTS_DIR; };
		FC4DBFAC2A45065B001C0F2E /* GPT_PracticeApp.swift */ = {isa = PBXFileReference; lastKnownFileType = sourcecode.swift; path = GPT_PracticeApp.swift; sourceTree = "<group>"; };
		FC4DBFAE2A45065B001C0F2E /* ContentView.swift */ = {isa = PBXFileReference; lastKnownFileType = sourcecode.swift; path = ContentView.swift; sourceTree = "<group>"; };
		FC4DBFB02A45065C001C0F2E /* Assets.xcassets */ = {isa = PBXFileReference; lastKnownFileType = folder.assetcatalog; path = Assets.xcassets; sourceTree = "<group>"; };
		FC4DBFB32A45065C001C0F2E /* Preview Assets.xcassets */ = {isa = PBXFileReference; lastKnownFileType = folder.assetcatalog; path = "Preview Assets.xcassets"; sourceTree = "<group>"; };
		FC4DBFB92A45065C001C0F2E /* GPT-PracticeTests.xctest */ = {isa = PBXFileReference; explicitFileType = wrapper.cfbundle; includeInIndex = 0; path = "GPT-PracticeTests.xctest"; sourceTree = BUILT_PRODUCTS_DIR; };
		FC4DBFBD2A45065C001C0F2E /* GPT_PracticeTests.swift */ = {isa = PBXFileReference; lastKnownFileType = sourcecode.swift; path = GPT_PracticeTests.swift; sourceTree = "<group>"; };
		FC4DBFC32A45065C001C0F2E /* GPT-PracticeUITests.xctest */ = {isa = PBXFileReference; explicitFileType = wrapper.cfbundle; includeInIndex = 0; path = "GPT-PracticeUITests.xctest"; sourceTree = BUILT_PRODUCTS_DIR; };
		FC4DBFC72A45065C001C0F2E /* GPT_PracticeUITests.swift */ = {isa = PBXFileReference; lastKnownFileType = sourcecode.swift; path = GPT_PracticeUITests.swift; sourceTree = "<group>"; };
		FC4DBFC92A45065C001C0F2E /* GPT_PracticeUITestsLaunchTests.swift */ = {isa = PBXFileReference; lastKnownFileType = sourcecode.swift; path = GPT_PracticeUITestsLaunchTests.swift; sourceTree = "<group>"; };
/* End PBXFileReference section */

/* Begin PBXFrameworksBuildPhase section */
		FC4DBFA62A45065B001C0F2E /* Frameworks */ = {
			isa = PBXFrameworksBuildPhase;
			buildActionMask = 2147483647;
			files = (
				FC4DBFD82A450685001C0F2E /* OpenAISwift in Frameworks */,
				FC4DBFDB2A4513A8001C0F2E /* OpenAIKit in Frameworks */,
			);
			runOnlyForDeploymentPostprocessing = 0;
		};
		FC4DBFB62A45065C001C0F2E /* Frameworks */ = {
			isa = PBXFrameworksBuildPhase;
			buildActionMask = 2147483647;
			files = (
			);
			runOnlyForDeploymentPostprocessing = 0;
		};
		FC4DBFC02A45065C001C0F2E /* Frameworks */ = {
			isa = PBXFrameworksBuildPhase;
			buildActionMask = 2147483647;
			files = (
			);
			runOnlyForDeploymentPostprocessing = 0;
		};
/* End PBXFrameworksBuildPhase section */

/* Begin PBXGroup section */
		FC4DBFA02A45065B001C0F2E = {
			isa = PBXGroup;
			children = (
				FC4DBFAB2A45065B001C0F2E /* GPT-Practice */,
				FC4DBFBC2A45065C001C0F2E /* GPT-PracticeTests */,
				FC4DBFC62A45065C001C0F2E /* GPT-PracticeUITests */,
				FC4DBFAA2A45065B001C0F2E /* Products */,
			);
			sourceTree = "<group>";
		};
		FC4DBFAA2A45065B001C0F2E /* Products */ = {
			isa = PBXGroup;
			children = (
				FC4DBFA92A45065B001C0F2E /* GPT-Practice.app */,
				FC4DBFB92A45065C001C0F2E /* GPT-PracticeTests.xctest */,
				FC4DBFC32A45065C001C0F2E /* GPT-PracticeUITests.xctest */,
			);
			name = Products;
			sourceTree = "<group>";
		};
		FC4DBFAB2A45065B001C0F2E /* GPT-Practice */ = {
			isa = PBXGroup;
			children = (
				FC4DBFAC2A45065B001C0F2E /* GPT_PracticeApp.swift */,
				FC4DBFAE2A45065B001C0F2E /* ContentView.swift */,
				FC4DBFB02A45065C001C0F2E /* Assets.xcassets */,
				FC4DBFB22A45065C001C0F2E /* Preview Content */,
			);
			path = "GPT-Practice";
			sourceTree = "<group>";
		};
		FC4DBFB22A45065C001C0F2E /* Preview Content */ = {
			isa = PBXGroup;
			children = (
				FC4DBFB32A45065C001C0F2E /* Preview Assets.xcassets */,
			);
			path = "Preview Content";
			sourceTree = "<group>";
		};
		FC4DBFBC2A45065C001C0F2E /* GPT-PracticeTests */ = {
			isa = PBXGroup;
			children = (
				FC4DBFBD2A45065C001C0F2E /* GPT_PracticeTests.swift */,
			);
			path = "GPT-PracticeTests";
			sourceTree = "<group>";
		};
		FC4DBFC62A45065C001C0F2E /* GPT-PracticeUITests */ = {
			isa = PBXGroup;
			children = (
				FC4DBFC72A45065C001C0F2E /* GPT_PracticeUITests.swift */,
				FC4DBFC92A45065C001C0F2E /* GPT_PracticeUITestsLaunchTests.swift */,
			);
			path = "GPT-PracticeUITests";
			sourceTree = "<group>";
		};
/* End PBXGroup section */

/* Begin PBXNativeTarget section */
		FC4DBFA82A45065B001C0F2E /* GPT-Practice */ = {
			isa = PBXNativeTarget;
			buildConfigurationList = FC4DBFCD2A45065C001C0F2E /* Build configuration list for PBXNativeTarget "GPT-Practice" */;
			buildPhases = (
				FC4DBFA52A45065B001C0F2E /* Sources */,
				FC4DBFA62A45065B001C0F2E /* Frameworks */,
				FC4DBFA72A45065B001C0F2E /* Resources */,
			);
			buildRules = (
			);
			dependencies = (
			);
			name = "GPT-Practice";
			packageProductDependencies = (
				FC4DBFD72A450685001C0F2E /* OpenAISwift */,
				FC4DBFDA2A4513A8001C0F2E /* OpenAIKit */,
			);
			productName = "GPT-Practice";
			productReference = FC4DBFA92A45065B001C0F2E /* GPT-Practice.app */;
			productType = "com.apple.product-type.application";
		};
		FC4DBFB82A45065C001C0F2E /* GPT-PracticeTests */ = {
			isa = PBXNativeTarget;
			buildConfigurationList = FC4DBFD02A45065C001C0F2E /* Build configuration list for PBXNativeTarget "GPT-PracticeTests" */;
			buildPhases = (
				FC4DBFB52A45065C001C0F2E /* Sources */,
				FC4DBFB62A45065C001C0F2E /* Frameworks */,
				FC4DBFB72A45065C001C0F2E /* Resources */,
			);
			buildRules = (
			);
			dependencies = (
				FC4DBFBB2A45065C001C0F2E /* PBXTargetDependency */,
			);
			name = "GPT-PracticeTests";
			productName = "GPT-PracticeTests";
			productReference = FC4DBFB92A45065C001C0F2E /* GPT-PracticeTests.xctest */;
			productType = "com.apple.product-type.bundle.unit-test";
		};
		FC4DBFC22A45065C001C0F2E /* GPT-PracticeUITests */ = {
			isa = PBXNativeTarget;
			buildConfigurationList = FC4DBFD32A45065C001C0F2E /* Build configuration list for PBXNativeTarget "GPT-PracticeUITests" */;
			buildPhases = (
				FC4DBFBF2A45065C001C0F2E /* Sources */,
				FC4DBFC02A45065C001C0F2E /* Frameworks */,
				FC4DBFC12A45065C001C0F2E /* Resources */,
			);
			buildRules = (
			);
			dependencies = (
				FC4DBFC52A45065C001C0F2E /* PBXTargetDependency */,
			);
			name = "GPT-PracticeUITests";
			productName = "GPT-PracticeUITests";
			productReference = FC4DBFC32A45065C001C0F2E /* GPT-PracticeUITests.xctest */;
			productType = "com.apple.product-type.bundle.ui-testing";
		};
/* End PBXNativeTarget section */

/* Begin PBXProject section */
		FC4DBFA12A45065B001C0F2E /* Project object */ = {
			isa = PBXProject;
			attributes = {
				BuildIndependentTargetsInParallel = 1;
				LastSwiftUpdateCheck = 1430;
				LastUpgradeCheck = 1430;
				TargetAttributes = {
					FC4DBFA82A45065B001C0F2E = {
						CreatedOnToolsVersion = 14.3.1;
					};
					FC4DBFB82A45065C001C0F2E = {
						CreatedOnToolsVersion = 14.3.1;
						TestTargetID = FC4DBFA82A45065B001C0F2E;
					};
					FC4DBFC22A45065C001C0F2E = {
						CreatedOnToolsVersion = 14.3.1;
						TestTargetID = FC4DBFA82A45065B001C0F2E;
					};
				};
			};
			buildConfigurationList = FC4DBFA42A45065B001C0F2E /* Build configuration list for PBXProject "GPT-Practice" */;
			compatibilityVersion = "Xcode 14.0";
			developmentRegion = en;
			hasScannedForEncodings = 0;
			knownRegions = (
				en,
				Base,
			);
			mainGroup = FC4DBFA02A45065B001C0F2E;
			packageReferences = (
				FC4DBFD62A450685001C0F2E /* XCRemoteSwiftPackageReference "OpenAISwift" */,
				FC4DBFD92A4513A8001C0F2E /* XCRemoteSwiftPackageReference "OpenAI" */,
			);
			productRefGroup = FC4DBFAA2A45065B001C0F2E /* Products */;
			projectDirPath = "";
			projectRoot = "";
			targets = (
				FC4DBFA82A45065B001C0F2E /* GPT-Practice */,
				FC4DBFB82A45065C001C0F2E /* GPT-PracticeTests */,
				FC4DBFC22A45065C001C0F2E /* GPT-PracticeUITests */,
			);
		};
/* End PBXProject section */

/* Begin PBXResourcesBuildPhase section */
		FC4DBFA72A45065B001C0F2E /* Resources */ = {
			isa = PBXResourcesBuildPhase;
			buildActionMask = 2147483647;
			files = (
				FC4DBFB42A45065C001C0F2E /* Preview Assets.xcassets in Resources */,
				FC4DBFB12A45065C001C0F2E /* Assets.xcassets in Resources */,
			);
			runOnlyForDeploymentPostprocessing = 0;
		};
		FC4DBFB72A45065C001C0F2E /* Resources */ = {
			isa = PBXResourcesBuildPhase;
			buildActionMask = 2147483647;
			files = (
			);
			runOnlyForDeploymentPostprocessing = 0;
		};
		FC4DBFC12A45065C001C0F2E /* Resources */ = {
			isa = PBXResourcesBuildPhase;
			buildActionMask = 2147483647;
			files = (
			);
			runOnlyForDeploymentPostprocessing = 0;
		};
/* End PBXResourcesBuildPhase section */

/* Begin PBXSourcesBuildPhase section */
		FC4DBFA52A45065B001C0F2E /* Sources */ = {
			isa = PBXSourcesBuildPhase;
			buildActionMask = 2147483647;
			files = (
				FC4DBFAF2A45065B001C0F2E /* ContentView.swift in Sources */,
				FC4DBFAD2A45065B001C0F2E /* GPT_PracticeApp.swift in Sources */,
			);
			runOnlyForDeploymentPostprocessing = 0;
		};
		FC4DBFB52A45065C001C0F2E /* Sources */ = {
			isa = PBXSourcesBuildPhase;
			buildActionMask = 2147483647;
			files = (
				FC4DBFBE2A45065C001C0F2E /* GPT_PracticeTests.swift in Sources */,
			);
			runOnlyForDeploymentPostprocessing = 0;
		};
		FC4DBFBF2A45065C001C0F2E /* Sources */ = {
			isa = PBXSourcesBuildPhase;
			buildActionMask = 2147483647;
			files = (
				FC4DBFC82A45065C001C0F2E /* GPT_PracticeUITests.swift in Sources */,
				FC4DBFCA2A45065C001C0F2E /* GPT_PracticeUITestsLaunchTests.swift in Sources */,
			);
			runOnlyForDeploymentPostprocessing = 0;
		};
/* End PBXSourcesBuildPhase section */

/* Begin PBXTargetDependency section */
		FC4DBFBB2A45065C001C0F2E /* PBXTargetDependency */ = {
			isa = PBXTargetDependency;
			target = FC4DBFA82A45065B001C0F2E /* GPT-Practice */;
			targetProxy = FC4DBFBA2A45065C001C0F2E /* PBXContainerItemProxy */;
		};
		FC4DBFC52A45065C001C0F2E /* PBXTargetDependency */ = {
			isa = PBXTargetDependency;
			target = FC4DBFA82A45065B001C0F2E /* GPT-Practice */;
			targetProxy = FC4DBFC42A45065C001C0F2E /* PBXContainerItemProxy */;
		};
/* End PBXTargetDependency section */

/* Begin XCBuildConfiguration section */
		FC4DBFCB2A45065C001C0F2E /* Debug */ = {
			isa = XCBuildConfiguration;
			buildSettings = {
				ALWAYS_SEARCH_USER_PATHS = NO;
				CLANG_ANALYZER_NONNULL = YES;
				CLANG_ANALYZER_NUMBER_OBJECT_CONVERSION = YES_AGGRESSIVE;
				CLANG_CXX_LANGUAGE_STANDARD = "gnu++20";
				CLANG_ENABLE_MODULES = YES;
				CLANG_ENABLE_OBJC_ARC = YES;
				CLANG_ENABLE_OBJC_WEAK = YES;
				CLANG_WARN_BLOCK_CAPTURE_AUTORELEASING = YES;
				CLANG_WARN_BOOL_CONVERSION = YES;
				CLANG_WARN_COMMA = YES;
				CLANG_WARN_CONSTANT_CONVERSION = YES;
				CLANG_WARN_DEPRECATED_OBJC_IMPLEMENTATIONS = YES;
				CLANG_WARN_DIRECT_OBJC_ISA_USAGE = YES_ERROR;
				CLANG_WARN_DOCUMENTATION_COMMENTS = YES;
				CLANG_WARN_EMPTY_BODY = YES;
				CLANG_WARN_ENUM_CONVERSION = YES;
				CLANG_WARN_INFINITE_RECURSION = YES;
				CLANG_WARN_INT_CONVERSION = YES;
				CLANG_WARN_NON_LITERAL_NULL_CONVERSION = YES;
				CLANG_WARN_OBJC_IMPLICIT_RETAIN_SELF = YES;
				CLANG_WARN_OBJC_LITERAL_CONVERSION = YES;
				CLANG_WARN_OBJC_ROOT_CLASS = YES_ERROR;
				CLANG_WARN_QUOTED_INCLUDE_IN_FRAMEWORK_HEADER = YES;
				CLANG_WARN_RANGE_LOOP_ANALYSIS = YES;
				CLANG_WARN_STRICT_PROTOTYPES = YES;
				CLANG_WARN_SUSPICIOUS_MOVE = YES;
				CLANG_WARN_UNGUARDED_AVAILABILITY = YES_AGGRESSIVE;
				CLANG_WARN_UNREACHABLE_CODE = YES;
				CLANG_WARN__DUPLICATE_METHOD_MATCH = YES;
				COPY_PHASE_STRIP = NO;
				DEBUG_INFORMATION_FORMAT = dwarf;
				ENABLE_STRICT_OBJC_MSGSEND = YES;
				ENABLE_TESTABILITY = YES;
				GCC_C_LANGUAGE_STANDARD = gnu11;
				GCC_DYNAMIC_NO_PIC = NO;
				GCC_NO_COMMON_BLOCKS = YES;
				GCC_OPTIMIZATION_LEVEL = 0;
				GCC_PREPROCESSOR_DEFINITIONS = (
					"DEBUG=1",
					"$(inherited)",
				);
				GCC_WARN_64_TO_32_BIT_CONVERSION = YES;
				GCC_WARN_ABOUT_RETURN_TYPE = YES_ERROR;
				GCC_WARN_UNDECLARED_SELECTOR = YES;
				GCC_WARN_UNINITIALIZED_AUTOS = YES_AGGRESSIVE;
				GCC_WARN_UNUSED_FUNCTION = YES;
				GCC_WARN_UNUSED_VARIABLE = YES;
				IPHONEOS_DEPLOYMENT_TARGET = 16.4;
				MTL_ENABLE_DEBUG_INFO = INCLUDE_SOURCE;
				MTL_FAST_MATH = YES;
				ONLY_ACTIVE_ARCH = YES;
				SDKROOT = iphoneos;
				SWIFT_ACTIVE_COMPILATION_CONDITIONS = DEBUG;
				SWIFT_OPTIMIZATION_LEVEL = "-Onone";
			};
			name = Debug;
		};
		FC4DBFCC2A45065C001C0F2E /* Release */ = {
			isa = XCBuildConfiguration;
			buildSettings = {
				ALWAYS_SEARCH_USER_PATHS = NO;
				CLANG_ANALYZER_NONNULL = YES;
				CLANG_ANALYZER_NUMBER_OBJECT_CONVERSION = YES_AGGRESSIVE;
				CLANG_CXX_LANGUAGE_STANDARD = "gnu++20";
				CLANG_ENABLE_MODULES = YES;
				CLANG_ENABLE_OBJC_ARC = YES;
				CLANG_ENABLE_OBJC_WEAK = YES;
				CLANG_WARN_BLOCK_CAPTURE_AUTORELEASING = YES;
				CLANG_WARN_BOOL_CONVERSION = YES;
				CLANG_WARN_COMMA = YES;
				CLANG_WARN_CONSTANT_CONVERSION = YES;
				CLANG_WARN_DEPRECATED_OBJC_IMPLEMENTATIONS = YES;
				CLANG_WARN_DIRECT_OBJC_ISA_USAGE = YES_ERROR;
				CLANG_WARN_DOCUMENTATION_COMMENTS = YES;
				CLANG_WARN_EMPTY_BODY = YES;
				CLANG_WARN_ENUM_CONVERSION = YES;
				CLANG_WARN_INFINITE_RECURSION = YES;
				CLANG_WARN_INT_CONVERSION = YES;
				CLANG_WARN_NON_LITERAL_NULL_CONVERSION = YES;
				CLANG_WARN_OBJC_IMPLICIT_RETAIN_SELF = YES;
				CLANG_WARN_OBJC_LITERAL_CONVERSION = YES;
				CLANG_WARN_OBJC_ROOT_CLASS = YES_ERROR;
				CLANG_WARN_QUOTED_INCLUDE_IN_FRAMEWORK_HEADER = YES;
				CLANG_WARN_RANGE_LOOP_ANALYSIS = YES;
				CLANG_WARN_STRICT_PROTOTYPES = YES;
				CLANG_WARN_SUSPICIOUS_MOVE = YES;
				CLANG_WARN_UNGUARDED_AVAILABILITY = YES_AGGRESSIVE;
				CLANG_WARN_UNREACHABLE_CODE = YES;
				CLANG_WARN__DUPLICATE_METHOD_MATCH = YES;
				COPY_PHASE_STRIP = NO;
				DEBUG_INFORMATION_FORMAT = "dwarf-with-dsym";
				ENABLE_NS_ASSERTIONS = NO;
				ENABLE_STRICT_OBJC_MSGSEND = YES;
				GCC_C_LANGUAGE_STANDARD = gnu11;
				GCC_NO_COMMON_BLOCKS = YES;
				GCC_WARN_64_TO_32_BIT_CONVERSION = YES;
				GCC_WARN_ABOUT_RETURN_TYPE = YES_ERROR;
				GCC_WARN_UNDECLARED_SELECTOR = YES;
				GCC_WARN_UNINITIALIZED_AUTOS = YES_AGGRESSIVE;
				GCC_WARN_UNUSED_FUNCTION = YES;
				GCC_WARN_UNUSED_VARIABLE = YES;
				IPHONEOS_DEPLOYMENT_TARGET = 16.4;
				MTL_ENABLE_DEBUG_INFO = NO;
				MTL_FAST_MATH = YES;
				SDKROOT = iphoneos;
				SWIFT_COMPILATION_MODE = wholemodule;
				SWIFT_OPTIMIZATION_LEVEL = "-O";
				VALIDATE_PRODUCT = YES;
			};
			name = Release;
		};
		FC4DBFCE2A45065C001C0F2E /* Debug */ = {
			isa = XCBuildConfiguration;
			buildSettings = {
				ASSETCATALOG_COMPILER_APPICON_NAME = AppIcon;
				ASSETCATALOG_COMPILER_GLOBAL_ACCENT_COLOR_NAME = AccentColor;
				CODE_SIGN_STYLE = Automatic;
				CURRENT_PROJECT_VERSION = 1;
				DEVELOPMENT_ASSET_PATHS = "\"GPT-Practice/Preview Content\"";
				DEVELOPMENT_TEAM = 89CVSW5Z84;
				ENABLE_PREVIEWS = YES;
				GENERATE_INFOPLIST_FILE = YES;
				INFOPLIST_KEY_UIApplicationSceneManifest_Generation = YES;
				INFOPLIST_KEY_UIApplicationSupportsIndirectInputEvents = YES;
				INFOPLIST_KEY_UILaunchScreen_Generation = YES;
				INFOPLIST_KEY_UISupportedInterfaceOrientations_iPad = "UIInterfaceOrientationPortrait UIInterfaceOrientationPortraitUpsideDown UIInterfaceOrientationLandscapeLeft UIInterfaceOrientationLandscapeRight";
				INFOPLIST_KEY_UISupportedInterfaceOrientations_iPhone = "UIInterfaceOrientationPortrait UIInterfaceOrientationLandscapeLeft UIInterfaceOrientationLandscapeRight";
				LD_RUNPATH_SEARCH_PATHS = (
					"$(inherited)",
					"@executable_path/Frameworks",
				);
				MARKETING_VERSION = 1.0;
				PRODUCT_BUNDLE_IDENTIFIER = "app.GPT-Practice";
				PRODUCT_NAME = "$(TARGET_NAME)";
				SWIFT_EMIT_LOC_STRINGS = YES;
				SWIFT_VERSION = 5.0;
				TARGETED_DEVICE_FAMILY = "1,2";
			};
			name = Debug;
		};
		FC4DBFCF2A45065C001C0F2E /* Release */ = {
			isa = XCBuildConfiguration;
			buildSettings = {
				ASSETCATALOG_COMPILER_APPICON_NAME = AppIcon;
				ASSETCATALOG_COMPILER_GLOBAL_ACCENT_COLOR_NAME = AccentColor;
				CODE_SIGN_STYLE = Automatic;
				CURRENT_PROJECT_VERSION = 1;
				DEVELOPMENT_ASSET_PATHS = "\"GPT-Practice/Preview Content\"";
				DEVELOPMENT_TEAM = 89CVSW5Z84;
				ENABLE_PREVIEWS = YES;
				GENERATE_INFOPLIST_FILE = YES;
				INFOPLIST_KEY_UIApplicationSceneManifest_Generation = YES;
				INFOPLIST_KEY_UIApplicationSupportsIndirectInputEvents = YES;
				INFOPLIST_KEY_UILaunchScreen_Generation = YES;
				INFOPLIST_KEY_UISupportedInterfaceOrientations_iPad = "UIInterfaceOrientationPortrait UIInterfaceOrientationPortraitUpsideDown UIInterfaceOrientationLandscapeLeft UIInterfaceOrientationLandscapeRight";
				INFOPLIST_KEY_UISupportedInterfaceOrientations_iPhone = "UIInterfaceOrientationPortrait UIInterfaceOrientationLandscapeLeft UIInterfaceOrientationLandscapeRight";
				LD_RUNPATH_SEARCH_PATHS = (
					"$(inherited)",
					"@executable_path/Frameworks",
				);
				MARKETING_VERSION = 1.0;
				PRODUCT_BUNDLE_IDENTIFIER = "app.GPT-Practice";
				PRODUCT_NAME = "$(TARGET_NAME)";
				SWIFT_EMIT_LOC_STRINGS = YES;
				SWIFT_VERSION = 5.0;
				TARGETED_DEVICE_FAMILY = "1,2";
			};
			name = Release;
		};
		FC4DBFD12A45065C001C0F2E /* Debug */ = {
			isa = XCBuildConfiguration;
			buildSettings = {
				ALWAYS_EMBED_SWIFT_STANDARD_LIBRARIES = YES;
				BUNDLE_LOADER = "$(TEST_HOST)";
				CODE_SIGN_STYLE = Automatic;
				CURRENT_PROJECT_VERSION = 1;
				DEVELOPMENT_TEAM = 89CVSW5Z84;
				GENERATE_INFOPLIST_FILE = YES;
				IPHONEOS_DEPLOYMENT_TARGET = 16.4;
				MARKETING_VERSION = 1.0;
				PRODUCT_BUNDLE_IDENTIFIER = "app.GPT-PracticeTests";
				PRODUCT_NAME = "$(TARGET_NAME)";
				SWIFT_EMIT_LOC_STRINGS = NO;
				SWIFT_VERSION = 5.0;
				TARGETED_DEVICE_FAMILY = "1,2";
				TEST_HOST = "$(BUILT_PRODUCTS_DIR)/GPT-Practice.app/$(BUNDLE_EXECUTABLE_FOLDER_PATH)/GPT-Practice";
			};
			name = Debug;
		};
		FC4DBFD22A45065C001C0F2E /* Release */ = {
			isa = XCBuildConfiguration;
			buildSettings = {
				ALWAYS_EMBED_SWIFT_STANDARD_LIBRARIES = YES;
				BUNDLE_LOADER = "$(TEST_HOST)";
				CODE_SIGN_STYLE = Automatic;
				CURRENT_PROJECT_VERSION = 1;
				DEVELOPMENT_TEAM = 89CVSW5Z84;
				GENERATE_INFOPLIST_FILE = YES;
				IPHONEOS_DEPLOYMENT_TARGET = 16.4;
				MARKETING_VERSION = 1.0;
				PRODUCT_BUNDLE_IDENTIFIER = "app.GPT-PracticeTests";
				PRODUCT_NAME = "$(TARGET_NAME)";
				SWIFT_EMIT_LOC_STRINGS = NO;
				SWIFT_VERSION = 5.0;
				TARGETED_DEVICE_FAMILY = "1,2";
				TEST_HOST = "$(BUILT_PRODUCTS_DIR)/GPT-Practice.app/$(BUNDLE_EXECUTABLE_FOLDER_PATH)/GPT-Practice";
			};
			name = Release;
		};
		FC4DBFD42A45065C001C0F2E /* Debug */ = {
			isa = XCBuildConfiguration;
			buildSettings = {
				ALWAYS_EMBED_SWIFT_STANDARD_LIBRARIES = YES;
				CODE_SIGN_STYLE = Automatic;
				CURRENT_PROJECT_VERSION = 1;
				DEVELOPMENT_TEAM = 89CVSW5Z84;
				GENERATE_INFOPLIST_FILE = YES;
				MARKETING_VERSION = 1.0;
				PRODUCT_BUNDLE_IDENTIFIER = "app.GPT-PracticeUITests";
				PRODUCT_NAME = "$(TARGET_NAME)";
				SWIFT_EMIT_LOC_STRINGS = NO;
				SWIFT_VERSION = 5.0;
				TARGETED_DEVICE_FAMILY = "1,2";
				TEST_TARGET_NAME = "GPT-Practice";
			};
			name = Debug;
		};
		FC4DBFD52A45065C001C0F2E /* Release */ = {
			isa = XCBuildConfiguration;
			buildSettings = {
				ALWAYS_EMBED_SWIFT_STANDARD_LIBRARIES = YES;
				CODE_SIGN_STYLE = Automatic;
				CURRENT_PROJECT_VERSION = 1;
				DEVELOPMENT_TEAM = 89CVSW5Z84;
				GENERATE_INFOPLIST_FILE = YES;
				MARKETING_VERSION = 1.0;
				PRODUCT_BUNDLE_IDENTIFIER = "app.GPT-PracticeUITests";
				PRODUCT_NAME = "$(TARGET_NAME)";
				SWIFT_EMIT_LOC_STRINGS = NO;
				SWIFT_VERSION = 5.0;
				TARGETED_DEVICE_FAMILY = "1,2";
				TEST_TARGET_NAME = "GPT-Practice";
			};
			name = Release;
		};
/* End XCBuildConfiguration section */

/* Begin XCConfigurationList section */
		FC4DBFA42A45065B001C0F2E /* Build configuration list for PBXProject "GPT-Practice" */ = {
			isa = XCConfigurationList;
			buildConfigurations = (
				FC4DBFCB2A45065C001C0F2E /* Debug */,
				FC4DBFCC2A45065C001C0F2E /* Release */,
			);
			defaultConfigurationIsVisible = 0;
			defaultConfigurationName = Release;
		};
		FC4DBFCD2A45065C001C0F2E /* Build configuration list for PBXNativeTarget "GPT-Practice" */ = {
			isa = XCConfigurationList;
			buildConfigurations = (
				FC4DBFCE2A45065C001C0F2E /* Debug */,
				FC4DBFCF2A45065C001C0F2E /* Release */,
			);
			defaultConfigurationIsVisible = 0;
			defaultConfigurationName = Release;
		};
		FC4DBFD02A45065C001C0F2E /* Build configuration list for PBXNativeTarget "GPT-PracticeTests" */ = {
			isa = XCConfigurationList;
			buildConfigurations = (
				FC4DBFD12A45065C001C0F2E /* Debug */,
				FC4DBFD22A45065C001C0F2E /* Release */,
			);
			defaultConfigurationIsVisible = 0;
			defaultConfigurationName = Release;
		};
		FC4DBFD32A45065C001C0F2E /* Build configuration list for PBXNativeTarget "GPT-PracticeUITests" */ = {
			isa = XCConfigurationList;
			buildConfigurations = (
				FC4DBFD42A45065C001C0F2E /* Debug */,
				FC4DBFD52A45065C001C0F2E /* Release */,
			);
			defaultConfigurationIsVisible = 0;
			defaultConfigurationName = Release;
		};
/* End XCConfigurationList section */

/* Begin XCRemoteSwiftPackageReference section */
		FC4DBFD62A450685001C0F2E /* XCRemoteSwiftPackageReference "OpenAISwift" */ = {
			isa = XCRemoteSwiftPackageReference;
			repositoryURL = "https://github.com/adamrushy/OpenAISwift.git";
			requirement = {
				kind = upToNextMajorVersion;
				minimumVersion = 1.0.0;
			};
		};
		FC4DBFD92A4513A8001C0F2E /* XCRemoteSwiftPackageReference "OpenAI" */ = {
			isa = XCRemoteSwiftPackageReference;
			repositoryURL = "https://github.com/FuturraGroup/OpenAI.git";
			requirement = {
				kind = upToNextMajorVersion;
				minimumVersion = 1.0.0;
			};
		};
/* End XCRemoteSwiftPackageReference section */

/* Begin XCSwiftPackageProductDependency section */
		FC4DBFD72A450685001C0F2E /* OpenAISwift */ = {
			isa = XCSwiftPackageProductDependency;
			package = FC4DBFD62A450685001C0F2E /* XCRemoteSwiftPackageReference "OpenAISwift" */;
			productName = OpenAISwift;
		};
		FC4DBFDA2A4513A8001C0F2E /* OpenAIKit */ = {
			isa = XCSwiftPackageProductDependency;
			package = FC4DBFD92A4513A8001C0F2E /* XCRemoteSwiftPackageReference "OpenAI" */;
			productName = OpenAIKit;
		};
/* End XCSwiftPackageProductDependency section */
	};
	rootObject = FC4DBFA12A45065B001C0F2E /* Project object */;
}
